// !$*UTF8*$!
{
	archiveVersion = 1;
	classes = {
	};
	objectVersion = 50;
	objects = {

/* Begin PBXBuildFile section */
		EDAECC102554A4BA00E1534F /* TestWatchApp.swift in Sources */ = {isa = PBXBuildFile; fileRef = EDAECC0F2554A4BA00E1534F /* TestWatchApp.swift */; };
		EDAECC122554A4BA00E1534F /* ContentView.swift in Sources */ = {isa = PBXBuildFile; fileRef = EDAECC112554A4BA00E1534F /* ContentView.swift */; };
		EDAECC142554A4BA00E1534F /* Assets.xcassets in Resources */ = {isa = PBXBuildFile; fileRef = EDAECC132554A4BA00E1534F /* Assets.xcassets */; };
		EDAECC172554A4BA00E1534F /* Preview Assets.xcassets in Resources */ = {isa = PBXBuildFile; fileRef = EDAECC162554A4BA00E1534F /* Preview Assets.xcassets */; };
		EDAECC1C2554A4BA00E1534F /* TestWatch WatchKit App.app in Embed Watch Content */ = {isa = PBXBuildFile; fileRef = EDAECC1B2554A4BA00E1534F /* TestWatch WatchKit App.app */; settings = {ATTRIBUTES = (RemoveHeadersOnCopy, ); }; };
		EDAECC212554A4BB00E1534F /* Assets.xcassets in Resources */ = {isa = PBXBuildFile; fileRef = EDAECC202554A4BB00E1534F /* Assets.xcassets */; };
		EDAECC282554A4BB00E1534F /* TestWatch WatchKit Extension.appex in Embed App Extensions */ = {isa = PBXBuildFile; fileRef = EDAECC272554A4BB00E1534F /* TestWatch WatchKit Extension.appex */; settings = {ATTRIBUTES = (RemoveHeadersOnCopy, ); }; };
		EDAECC2D2554A4BB00E1534F /* ContentView.swift in Sources */ = {isa = PBXBuildFile; fileRef = EDAECC2C2554A4BB00E1534F /* ContentView.swift */; };
		EDAECC2F2554A4BB00E1534F /* TestWatchApp.swift in Sources */ = {isa = PBXBuildFile; fileRef = EDAECC2E2554A4BB00E1534F /* TestWatchApp.swift */; };
		EDAECC312554A4BB00E1534F /* ComplicationController.swift in Sources */ = {isa = PBXBuildFile; fileRef = EDAECC302554A4BB00E1534F /* ComplicationController.swift */; };
		EDAECC332554A4BB00E1534F /* Assets.xcassets in Resources */ = {isa = PBXBuildFile; fileRef = EDAECC322554A4BB00E1534F /* Assets.xcassets */; };
		EDAECC362554A4BB00E1534F /* Preview Assets.xcassets in Resources */ = {isa = PBXBuildFile; fileRef = EDAECC352554A4BB00E1534F /* Preview Assets.xcassets */; };
/* End PBXBuildFile section */

/* Begin PBXContainerItemProxy section */
		EDAECC1D2554A4BA00E1534F /* PBXContainerItemProxy */ = {
			isa = PBXContainerItemProxy;
			containerPortal = EDAECC042554A4B900E1534F /* Project object */;
			proxyType = 1;
			remoteGlobalIDString = EDAECC1A2554A4BA00E1534F;
			remoteInfo = "TestWatch WatchKit App";
		};
		EDAECC292554A4BB00E1534F /* PBXContainerItemProxy */ = {
			isa = PBXContainerItemProxy;
			containerPortal = EDAECC042554A4B900E1534F /* Project object */;
			proxyType = 1;
			remoteGlobalIDString = EDAECC262554A4BB00E1534F;
			remoteInfo = "TestWatch WatchKit Extension";
		};
/* End PBXContainerItemProxy section */

/* Begin PBXCopyFilesBuildPhase section */
		EDAECC3D2554A4BB00E1534F /* Embed App Extensions */ = {
			isa = PBXCopyFilesBuildPhase;
			buildActionMask = 2147483647;
			dstPath = "";
			dstSubfolderSpec = 13;
			files = (
				EDAECC282554A4BB00E1534F /* TestWatch WatchKit Extension.appex in Embed App Extensions */,
			);
			name = "Embed App Extensions";
			runOnlyForDeploymentPostprocessing = 0;
		};
		EDAECC412554A4BB00E1534F /* Embed Watch Content */ = {
			isa = PBXCopyFilesBuildPhase;
			buildActionMask = 2147483647;
			dstPath = "$(CONTENTS_FOLDER_PATH)/Watch";
			dstSubfolderSpec = 16;
			files = (
				EDAECC1C2554A4BA00E1534F /* TestWatch WatchKit App.app in Embed Watch Content */,
			);
			name = "Embed Watch Content";
			runOnlyForDeploymentPostprocessing = 0;
		};
/* End PBXCopyFilesBuildPhase section */

/* Begin PBXFileReference section */
		EDAECC0C2554A4BA00E1534F /* TestWatch.app */ = {isa = PBXFileReference; explicitFileType = wrapper.application; includeInIndex = 0; path = TestWatch.app; sourceTree = BUILT_PRODUCTS_DIR; };
		EDAECC0F2554A4BA00E1534F /* TestWatchApp.swift */ = {isa = PBXFileReference; lastKnownFileType = sourcecode.swift; path = TestWatchApp.swift; sourceTree = "<group>"; };
		EDAECC112554A4BA00E1534F /* ContentView.swift */ = {isa = PBXFileReference; lastKnownFileType = sourcecode.swift; path = ContentView.swift; sourceTree = "<group>"; };
		EDAECC132554A4BA00E1534F /* Assets.xcassets */ = {isa = PBXFileReference; lastKnownFileType = folder.assetcatalog; path = Assets.xcassets; sourceTree = "<group>"; };
		EDAECC162554A4BA00E1534F /* Preview Assets.xcassets */ = {isa = PBXFileReference; lastKnownFileType = folder.assetcatalog; path = "Preview Assets.xcassets"; sourceTree = "<group>"; };
		EDAECC182554A4BA00E1534F /* Info.plist */ = {isa = PBXFileReference; lastKnownFileType = text.plist.xml; path = Info.plist; sourceTree = "<group>"; };
		EDAECC1B2554A4BA00E1534F /* TestWatch WatchKit App.app */ = {isa = PBXFileReference; explicitFileType = wrapper.application; includeInIndex = 0; path = "TestWatch WatchKit App.app"; sourceTree = BUILT_PRODUCTS_DIR; };
		EDAECC202554A4BB00E1534F /* Assets.xcassets */ = {isa = PBXFileReference; lastKnownFileType = folder.assetcatalog; path = Assets.xcassets; sourceTree = "<group>"; };
		EDAECC222554A4BB00E1534F /* Info.plist */ = {isa = PBXFileReference; lastKnownFileType = text.plist.xml; path = Info.plist; sourceTree = "<group>"; };
		EDAECC272554A4BB00E1534F /* TestWatch WatchKit Extension.appex */ = {isa = PBXFileReference; explicitFileType = "wrapper.app-extension"; includeInIndex = 0; path = "TestWatch WatchKit Extension.appex"; sourceTree = BUILT_PRODUCTS_DIR; };
		EDAECC2C2554A4BB00E1534F /* ContentView.swift */ = {isa = PBXFileReference; lastKnownFileType = sourcecode.swift; path = ContentView.swift; sourceTree = "<group>"; };
		EDAECC2E2554A4BB00E1534F /* TestWatchApp.swift */ = {isa = PBXFileReference; lastKnownFileType = sourcecode.swift; path = TestWatchApp.swift; sourceTree = "<group>"; };
		EDAECC302554A4BB00E1534F /* ComplicationController.swift */ = {isa = PBXFileReference; lastKnownFileType = sourcecode.swift; path = ComplicationController.swift; sourceTree = "<group>"; };
		EDAECC322554A4BB00E1534F /* Assets.xcassets */ = {isa = PBXFileReference; lastKnownFileType = folder.assetcatalog; path = Assets.xcassets; sourceTree = "<group>"; };
		EDAECC352554A4BB00E1534F /* Preview Assets.xcassets */ = {isa = PBXFileReference; lastKnownFileType = folder.assetcatalog; path = "Preview Assets.xcassets"; sourceTree = "<group>"; };
		EDAECC372554A4BB00E1534F /* Info.plist */ = {isa = PBXFileReference; lastKnownFileType = text.plist.xml; path = Info.plist; sourceTree = "<group>"; };
/* End PBXFileReference section */

/* Begin PBXFrameworksBuildPhase section */
		EDAECC092554A4BA00E1534F /* Frameworks */ = {
			isa = PBXFrameworksBuildPhase;
			buildActionMask = 2147483647;
			files = (
			);
			runOnlyForDeploymentPostprocessing = 0;
		};
		EDAECC242554A4BB00E1534F /* Frameworks */ = {
			isa = PBXFrameworksBuildPhase;
			buildActionMask = 2147483647;
			files = (
			);
			runOnlyForDeploymentPostprocessing = 0;
		};
/* End PBXFrameworksBuildPhase section */

/* Begin PBXGroup section */
		EDAECC032554A4B900E1534F = {
			isa = PBXGroup;
			children = (
				EDAECC0E2554A4BA00E1534F /* TestWatch */,
				EDAECC1F2554A4BA00E1534F /* TestWatch WatchKit App */,
				EDAECC2B2554A4BB00E1534F /* TestWatch WatchKit Extension */,
				EDAECC0D2554A4BA00E1534F /* Products */,
			);
			sourceTree = "<group>";
		};
		EDAECC0D2554A4BA00E1534F /* Products */ = {
			isa = PBXGroup;
			children = (
				EDAECC0C2554A4BA00E1534F /* TestWatch.app */,
				EDAECC1B2554A4BA00E1534F /* TestWatch WatchKit App.app */,
				EDAECC272554A4BB00E1534F /* TestWatch WatchKit Extension.appex */,
			);
			name = Products;
			sourceTree = "<group>";
		};
		EDAECC0E2554A4BA00E1534F /* TestWatch */ = {
			isa = PBXGroup;
			children = (
				EDAECC0F2554A4BA00E1534F /* TestWatchApp.swift */,
				EDAECC112554A4BA00E1534F /* ContentView.swift */,
				EDAECC132554A4BA00E1534F /* Assets.xcassets */,
				EDAECC182554A4BA00E1534F /* Info.plist */,
				EDAECC152554A4BA00E1534F /* Preview Content */,
			);
			path = TestWatch;
			sourceTree = "<group>";
		};
		EDAECC152554A4BA00E1534F /* Preview Content */ = {
			isa = PBXGroup;
			children = (
				EDAECC162554A4BA00E1534F /* Preview Assets.xcassets */,
			);
			path = "Preview Content";
			sourceTree = "<group>";
		};
		EDAECC1F2554A4BA00E1534F /* TestWatch WatchKit App */ = {
			isa = PBXGroup;
			children = (
				EDAECC202554A4BB00E1534F /* Assets.xcassets */,
				EDAECC222554A4BB00E1534F /* Info.plist */,
			);
			path = "TestWatch WatchKit App";
			sourceTree = "<group>";
		};
		EDAECC2B2554A4BB00E1534F /* TestWatch WatchKit Extension */ = {
			isa = PBXGroup;
			children = (
				EDAECC2C2554A4BB00E1534F /* ContentView.swift */,
				EDAECC2E2554A4BB00E1534F /* TestWatchApp.swift */,
				EDAECC302554A4BB00E1534F /* ComplicationController.swift */,
				EDAECC322554A4BB00E1534F /* Assets.xcassets */,
				EDAECC372554A4BB00E1534F /* Info.plist */,
				EDAECC342554A4BB00E1534F /* Preview Content */,
			);
			path = "TestWatch WatchKit Extension";
			sourceTree = "<group>";
		};
		EDAECC342554A4BB00E1534F /* Preview Content */ = {
			isa = PBXGroup;
			children = (
				EDAECC352554A4BB00E1534F /* Preview Assets.xcassets */,
			);
			path = "Preview Content";
			sourceTree = "<group>";
		};
/* End PBXGroup section */

/* Begin PBXNativeTarget section */
		EDAECC0B2554A4BA00E1534F /* TestWatch */ = {
			isa = PBXNativeTarget;
			buildConfigurationList = EDAECC422554A4BB00E1534F /* Build configuration list for PBXNativeTarget "TestWatch" */;
			buildPhases = (
				EDAECC082554A4BA00E1534F /* Sources */,
				EDAECC092554A4BA00E1534F /* Frameworks */,
				EDAECC0A2554A4BA00E1534F /* Resources */,
				EDAECC412554A4BB00E1534F /* Embed Watch Content */,
			);
			buildRules = (
			);
			dependencies = (
				EDAECC1E2554A4BA00E1534F /* PBXTargetDependency */,
			);
			name = TestWatch;
			productName = TestWatch;
			productReference = EDAECC0C2554A4BA00E1534F /* TestWatch.app */;
			productType = "com.apple.product-type.application";
		};
		EDAECC1A2554A4BA00E1534F /* TestWatch WatchKit App */ = {
			isa = PBXNativeTarget;
			buildConfigurationList = EDAECC3E2554A4BB00E1534F /* Build configuration list for PBXNativeTarget "TestWatch WatchKit App" */;
			buildPhases = (
				EDAECC192554A4BA00E1534F /* Resources */,
				EDAECC3D2554A4BB00E1534F /* Embed App Extensions */,
			);
			buildRules = (
			);
			dependencies = (
				EDAECC2A2554A4BB00E1534F /* PBXTargetDependency */,
			);
			name = "TestWatch WatchKit App";
			productName = "TestWatch WatchKit App";
			productReference = EDAECC1B2554A4BA00E1534F /* TestWatch WatchKit App.app */;
			productType = "com.apple.product-type.application.watchapp2";
		};
		EDAECC262554A4BB00E1534F /* TestWatch WatchKit Extension */ = {
			isa = PBXNativeTarget;
			buildConfigurationList = EDAECC3A2554A4BB00E1534F /* Build configuration list for PBXNativeTarget "TestWatch WatchKit Extension" */;
			buildPhases = (
				EDAECC232554A4BB00E1534F /* Sources */,
				EDAECC242554A4BB00E1534F /* Frameworks */,
				EDAECC252554A4BB00E1534F /* Resources */,
			);
			buildRules = (
			);
			dependencies = (
			);
			name = "TestWatch WatchKit Extension";
			productName = "TestWatch WatchKit Extension";
			productReference = EDAECC272554A4BB00E1534F /* TestWatch WatchKit Extension.appex */;
			productType = "com.apple.product-type.watchkit2-extension";
		};
/* End PBXNativeTarget section */

/* Begin PBXProject section */
		EDAECC042554A4B900E1534F /* Project object */ = {
			isa = PBXProject;
			attributes = {
				LastSwiftUpdateCheck = 1210;
				LastUpgradeCheck = 1210;
				TargetAttributes = {
					EDAECC0B2554A4BA00E1534F = {
						CreatedOnToolsVersion = 12.1;
					};
					EDAECC1A2554A4BA00E1534F = {
						CreatedOnToolsVersion = 12.1;
					};
					EDAECC262554A4BB00E1534F = {
						CreatedOnToolsVersion = 12.1;
					};
				};
			};
			buildConfigurationList = EDAECC072554A4B900E1534F /* Build configuration list for PBXProject "TestWatch" */;
			compatibilityVersion = "Xcode 9.3";
			developmentRegion = en;
			hasScannedForEncodings = 0;
			knownRegions = (
				en,
				Base,
			);
			mainGroup = EDAECC032554A4B900E1534F;
			productRefGroup = EDAECC0D2554A4BA00E1534F /* Products */;
			projectDirPath = "";
			projectRoot = "";
			targets = (
				EDAECC0B2554A4BA00E1534F /* TestWatch */,
				EDAECC1A2554A4BA00E1534F /* TestWatch WatchKit App */,
				EDAECC262554A4BB00E1534F /* TestWatch WatchKit Extension */,
			);
		};
/* End PBXProject section */

/* Begin PBXResourcesBuildPhase section */
		EDAECC0A2554A4BA00E1534F /* Resources */ = {
			isa = PBXResourcesBuildPhase;
			buildActionMask = 2147483647;
			files = (
				EDAECC172554A4BA00E1534F /* Preview Assets.xcassets in Resources */,
				EDAECC142554A4BA00E1534F /* Assets.xcassets in Resources */,
			);
			runOnlyForDeploymentPostprocessing = 0;
		};
		EDAECC192554A4BA00E1534F /* Resources */ = {
			isa = PBXResourcesBuildPhase;
			buildActionMask = 2147483647;
			files = (
				EDAECC212554A4BB00E1534F /* Assets.xcassets in Resources */,
			);
			runOnlyForDeploymentPostprocessing = 0;
		};
		EDAECC252554A4BB00E1534F /* Resources */ = {
			isa = PBXResourcesBuildPhase;
			buildActionMask = 2147483647;
			files = (
				EDAECC362554A4BB00E1534F /* Preview Assets.xcassets in Resources */,
				EDAECC332554A4BB00E1534F /* Assets.xcassets in Resources */,
			);
			runOnlyForDeploymentPostprocessing = 0;
		};
/* End PBXResourcesBuildPhase section */

/* Begin PBXSourcesBuildPhase section */
		EDAECC082554A4BA00E1534F /* Sources */ = {
			isa = PBXSourcesBuildPhase;
			buildActionMask = 2147483647;
			files = (
				EDAECC122554A4BA00E1534F /* ContentView.swift in Sources */,
				EDAECC102554A4BA00E1534F /* TestWatchApp.swift in Sources */,
			);
			runOnlyForDeploymentPostprocessing = 0;
		};
		EDAECC232554A4BB00E1534F /* Sources */ = {
			isa = PBXSourcesBuildPhase;
			buildActionMask = 2147483647;
			files = (
				EDAECC2D2554A4BB00E1534F /* ContentView.swift in Sources */,
				EDAECC2F2554A4BB00E1534F /* TestWatchApp.swift in Sources */,
				EDAECC312554A4BB00E1534F /* ComplicationController.swift in Sources */,
			);
			runOnlyForDeploymentPostprocessing = 0;
		};
/* End PBXSourcesBuildPhase section */

/* Begin PBXTargetDependency section */
		EDAECC1E2554A4BA00E1534F /* PBXTargetDependency */ = {
			isa = PBXTargetDependency;
			target = EDAECC1A2554A4BA00E1534F /* TestWatch WatchKit App */;
			targetProxy = EDAECC1D2554A4BA00E1534F /* PBXContainerItemProxy */;
		};
		EDAECC2A2554A4BB00E1534F /* PBXTargetDependency */ = {
			isa = PBXTargetDependency;
			target = EDAECC262554A4BB00E1534F /* TestWatch WatchKit Extension */;
			targetProxy = EDAECC292554A4BB00E1534F /* PBXContainerItemProxy */;
		};
/* End PBXTargetDependency section */

/* Begin XCBuildConfiguration section */
		EDAECC382554A4BB00E1534F /* Debug */ = {
			isa = XCBuildConfiguration;
			buildSettings = {
				ALWAYS_SEARCH_USER_PATHS = NO;
				CLANG_ANALYZER_NONNULL = YES;
				CLANG_ANALYZER_NUMBER_OBJECT_CONVERSION = YES_AGGRESSIVE;
				CLANG_CXX_LANGUAGE_STANDARD = "gnu++14";
				CLANG_CXX_LIBRARY = "libc++";
				CLANG_ENABLE_MODULES = YES;
				CLANG_ENABLE_OBJC_ARC = YES;
				CLANG_ENABLE_OBJC_WEAK = YES;
				CLANG_WARN_BLOCK_CAPTURE_AUTORELEASING = YES;
				CLANG_WARN_BOOL_CONVERSION = YES;
				CLANG_WARN_COMMA = YES;
				CLANG_WARN_CONSTANT_CONVERSION = YES;
				CLANG_WARN_DEPRECATED_OBJC_IMPLEMENTATIONS = YES;
				CLANG_WARN_DIRECT_OBJC_ISA_USAGE = YES_ERROR;
				CLANG_WARN_DOCUMENTATION_COMMENTS = YES;
				CLANG_WARN_EMPTY_BODY = YES;
				CLANG_WARN_ENUM_CONVERSION = YES;
				CLANG_WARN_INFINITE_RECURSION = YES;
				CLANG_WARN_INT_CONVERSION = YES;
				CLANG_WARN_NON_LITERAL_NULL_CONVERSION = YES;
				CLANG_WARN_OBJC_IMPLICIT_RETAIN_SELF = YES;
				CLANG_WARN_OBJC_LITERAL_CONVERSION = YES;
				CLANG_WARN_OBJC_ROOT_CLASS = YES_ERROR;
				CLANG_WARN_QUOTED_INCLUDE_IN_FRAMEWORK_HEADER = YES;
				CLANG_WARN_RANGE_LOOP_ANALYSIS = YES;
				CLANG_WARN_STRICT_PROTOTYPES = YES;
				CLANG_WARN_SUSPICIOUS_MOVE = YES;
				CLANG_WARN_UNGUARDED_AVAILABILITY = YES_AGGRESSIVE;
				CLANG_WARN_UNREACHABLE_CODE = YES;
				CLANG_WARN__DUPLICATE_METHOD_MATCH = YES;
				COPY_PHASE_STRIP = NO;
				DEBUG_INFORMATION_FORMAT = dwarf;
				ENABLE_STRICT_OBJC_MSGSEND = YES;
				ENABLE_TESTABILITY = YES;
				GCC_C_LANGUAGE_STANDARD = gnu11;
				GCC_DYNAMIC_NO_PIC = NO;
				GCC_NO_COMMON_BLOCKS = YES;
				GCC_OPTIMIZATION_LEVEL = 0;
				GCC_PREPROCESSOR_DEFINITIONS = (
					"DEBUG=1",
					"$(inherited)",
				);
				GCC_WARN_64_TO_32_BIT_CONVERSION = YES;
				GCC_WARN_ABOUT_RETURN_TYPE = YES_ERROR;
				GCC_WARN_UNDECLARED_SELECTOR = YES;
				GCC_WARN_UNINITIALIZED_AUTOS = YES_AGGRESSIVE;
				GCC_WARN_UNUSED_FUNCTION = YES;
				GCC_WARN_UNUSED_VARIABLE = YES;
				MTL_ENABLE_DEBUG_INFO = INCLUDE_SOURCE;
				MTL_FAST_MATH = YES;
				ONLY_ACTIVE_ARCH = YES;
				SWIFT_ACTIVE_COMPILATION_CONDITIONS = DEBUG;
				SWIFT_OPTIMIZATION_LEVEL = "-Onone";
			};
			name = Debug;
		};
		EDAECC392554A4BB00E1534F /* Release */ = {
			isa = XCBuildConfiguration;
			buildSettings = {
				ALWAYS_SEARCH_USER_PATHS = NO;
				CLANG_ANALYZER_NONNULL = YES;
				CLANG_ANALYZER_NUMBER_OBJECT_CONVERSION = YES_AGGRESSIVE;
				CLANG_CXX_LANGUAGE_STANDARD = "gnu++14";
				CLANG_CXX_LIBRARY = "libc++";
				CLANG_ENABLE_MODULES = YES;
				CLANG_ENABLE_OBJC_ARC = YES;
				CLANG_ENABLE_OBJC_WEAK = YES;
				CLANG_WARN_BLOCK_CAPTURE_AUTORELEASING = YES;
				CLANG_WARN_BOOL_CONVERSION = YES;
				CLANG_WARN_COMMA = YES;
				CLANG_WARN_CONSTANT_CONVERSION = YES;
				CLANG_WARN_DEPRECATED_OBJC_IMPLEMENTATIONS = YES;
				CLANG_WARN_DIRECT_OBJC_ISA_USAGE = YES_ERROR;
				CLANG_WARN_DOCUMENTATION_COMMENTS = YES;
				CLANG_WARN_EMPTY_BODY = YES;
				CLANG_WARN_ENUM_CONVERSION = YES;
				CLANG_WARN_INFINITE_RECURSION = YES;
				CLANG_WARN_INT_CONVERSION = YES;
				CLANG_WARN_NON_LITERAL_NULL_CONVERSION = YES;
				CLANG_WARN_OBJC_IMPLICIT_RETAIN_SELF = YES;
				CLANG_WARN_OBJC_LITERAL_CONVERSION = YES;
				CLANG_WARN_OBJC_ROOT_CLASS = YES_ERROR;
				CLANG_WARN_QUOTED_INCLUDE_IN_FRAMEWORK_HEADER = YES;
				CLANG_WARN_RANGE_LOOP_ANALYSIS = YES;
				CLANG_WARN_STRICT_PROTOTYPES = YES;
				CLANG_WARN_SUSPICIOUS_MOVE = YES;
				CLANG_WARN_UNGUARDED_AVAILABILITY = YES_AGGRESSIVE;
				CLANG_WARN_UNREACHABLE_CODE = YES;
				CLANG_WARN__DUPLICATE_METHOD_MATCH = YES;
				COPY_PHASE_STRIP = NO;
				DEBUG_INFORMATION_FORMAT = "dwarf-with-dsym";
				ENABLE_NS_ASSERTIONS = NO;
				ENABLE_STRICT_OBJC_MSGSEND = YES;
				GCC_C_LANGUAGE_STANDARD = gnu11;
				GCC_NO_COMMON_BLOCKS = YES;
				GCC_WARN_64_TO_32_BIT_CONVERSION = YES;
				GCC_WARN_ABOUT_RETURN_TYPE = YES_ERROR;
				GCC_WARN_UNDECLARED_SELECTOR = YES;
				GCC_WARN_UNINITIALIZED_AUTOS = YES_AGGRESSIVE;
				GCC_WARN_UNUSED_FUNCTION = YES;
				GCC_WARN_UNUSED_VARIABLE = YES;
				MTL_ENABLE_DEBUG_INFO = NO;
				MTL_FAST_MATH = YES;
				SWIFT_COMPILATION_MODE = wholemodule;
				SWIFT_OPTIMIZATION_LEVEL = "-O";
			};
			name = Release;
		};
		EDAECC3B2554A4BB00E1534F /* Debug */ = {
			isa = XCBuildConfiguration;
			buildSettings = {
				ASSETCATALOG_COMPILER_COMPLICATION_NAME = Complication;
				CODE_SIGN_STYLE = Automatic;
				DEVELOPMENT_ASSET_PATHS = "\"TestWatch WatchKit Extension/Preview Content\"";
				DEVELOPMENT_TEAM = K78G42H4U2;
				ENABLE_PREVIEWS = YES;
				INFOPLIST_FILE = "TestWatch WatchKit Extension/Info.plist";
				LD_RUNPATH_SEARCH_PATHS = (
					"$(inherited)",
					"@executable_path/Frameworks",
					"@executable_path/../../Frameworks",
				);
				PRODUCT_BUNDLE_IDENTIFIER = com.joeblau.TestWatch.watchkitapp.watchkitextension;
				PRODUCT_NAME = "${TARGET_NAME}";
				SDKROOT = watchos;
				SKIP_INSTALL = YES;
				SWIFT_VERSION = 5.0;
				TARGETED_DEVICE_FAMILY = 4;
				WATCHOS_DEPLOYMENT_TARGET = 7.0;
			};
			name = Debug;
		};
		EDAECC3C2554A4BB00E1534F /* Release */ = {
			isa = XCBuildConfiguration;
			buildSettings = {
				ASSETCATALOG_COMPILER_COMPLICATION_NAME = Complication;
				CODE_SIGN_STYLE = Automatic;
				DEVELOPMENT_ASSET_PATHS = "\"TestWatch WatchKit Extension/Preview Content\"";
				DEVELOPMENT_TEAM = K78G42H4U2;
				ENABLE_PREVIEWS = YES;
				INFOPLIST_FILE = "TestWatch WatchKit Extension/Info.plist";
				LD_RUNPATH_SEARCH_PATHS = (
					"$(inherited)",
					"@executable_path/Frameworks",
					"@executable_path/../../Frameworks",
				);
				PRODUCT_BUNDLE_IDENTIFIER = com.joeblau.TestWatch.watchkitapp.watchkitextension;
				PRODUCT_NAME = "${TARGET_NAME}";
				SDKROOT = watchos;
				SKIP_INSTALL = YES;
				SWIFT_VERSION = 5.0;
				TARGETED_DEVICE_FAMILY = 4;
				VALIDATE_PRODUCT = YES;
				WATCHOS_DEPLOYMENT_TARGET = 7.0;
			};
			name = Release;
		};
		EDAECC3F2554A4BB00E1534F /* Debug */ = {
			isa = XCBuildConfiguration;
			buildSettings = {
				ALWAYS_EMBED_SWIFT_STANDARD_LIBRARIES = YES;
				ASSETCATALOG_COMPILER_APPICON_NAME = AppIcon;
				ASSETCATALOG_COMPILER_GLOBAL_ACCENT_COLOR_NAME = AccentColor;
				CODE_SIGN_STYLE = Automatic;
				DEVELOPMENT_TEAM = K78G42H4U2;
				IBSC_MODULE = TestWatch_WatchKit_Extension;
				INFOPLIST_FILE = "TestWatch WatchKit App/Info.plist";
				PRODUCT_BUNDLE_IDENTIFIER = com.joeblau.TestWatch.watchkitapp;
				PRODUCT_NAME = "$(TARGET_NAME)";
				SDKROOT = watchos;
				SKIP_INSTALL = YES;
				SWIFT_VERSION = 5.0;
				TARGETED_DEVICE_FAMILY = 4;
				WATCHOS_DEPLOYMENT_TARGET = 7.0;
			};
			name = Debug;
		};
		EDAECC402554A4BB00E1534F /* Release */ = {
			isa = XCBuildConfiguration;
			buildSettings = {
				ALWAYS_EMBED_SWIFT_STANDARD_LIBRARIES = YES;
				ASSETCATALOG_COMPILER_APPICON_NAME = AppIcon;
				ASSETCATALOG_COMPILER_GLOBAL_ACCENT_COLOR_NAME = AccentColor;
				CODE_SIGN_STYLE = Automatic;
				DEVELOPMENT_TEAM = K78G42H4U2;
				IBSC_MODULE = TestWatch_WatchKit_Extension;
				INFOPLIST_FILE = "TestWatch WatchKit App/Info.plist";
				PRODUCT_BUNDLE_IDENTIFIER = com.joeblau.TestWatch.watchkitapp;
				PRODUCT_NAME = "$(TARGET_NAME)";
				SDKROOT = watchos;
				SKIP_INSTALL = YES;
				SWIFT_VERSION = 5.0;
				TARGETED_DEVICE_FAMILY = 4;
				VALIDATE_PRODUCT = YES;
				WATCHOS_DEPLOYMENT_TARGET = 7.0;
			};
			name = Release;
		};
		EDAECC432554A4BB00E1534F /* Debug */ = {
			isa = XCBuildConfiguration;
			buildSettings = {
				ASSETCATALOG_COMPILER_APPICON_NAME = AppIcon;
				ASSETCATALOG_COMPILER_GLOBAL_ACCENT_COLOR_NAME = AccentColor;
				CODE_SIGN_STYLE = Automatic;
				DEVELOPMENT_ASSET_PATHS = "\"TestWatch/Preview Content\"";
				DEVELOPMENT_TEAM = K78G42H4U2;
				ENABLE_PREVIEWS = YES;
				INFOPLIST_FILE = TestWatch/Info.plist;
				IPHONEOS_DEPLOYMENT_TARGET = 14.1;
				LD_RUNPATH_SEARCH_PATHS = (
					"$(inherited)",
					"@executable_path/Frameworks",
				);
				PRODUCT_BUNDLE_IDENTIFIER = com.joeblau.TestWatch;
				PRODUCT_NAME = "$(TARGET_NAME)";
				SDKROOT = iphoneos;
				SWIFT_VERSION = 5.0;
				TARGETED_DEVICE_FAMILY = "1,2";
			};
			name = Debug;
		};
		EDAECC442554A4BB00E1534F /* Release */ = {
			isa = XCBuildConfiguration;
			buildSettings = {
				ASSETCATALOG_COMPILER_APPICON_NAME = AppIcon;
				ASSETCATALOG_COMPILER_GLOBAL_ACCENT_COLOR_NAME = AccentColor;
				CODE_SIGN_STYLE = Automatic;
				DEVELOPMENT_ASSET_PATHS = "\"TestWatch/Preview Content\"";
				DEVELOPMENT_TEAM = K78G42H4U2;
				ENABLE_PREVIEWS = YES;
				INFOPLIST_FILE = TestWatch/Info.plist;
				IPHONEOS_DEPLOYMENT_TARGET = 14.1;
				LD_RUNPATH_SEARCH_PATHS = (
					"$(inherited)",
					"@executable_path/Frameworks",
				);
				PRODUCT_BUNDLE_IDENTIFIER = com.joeblau.TestWatch;
				PRODUCT_NAME = "$(TARGET_NAME)";
				SDKROOT = iphoneos;
				SWIFT_VERSION = 5.0;
				TARGETED_DEVICE_FAMILY = "1,2";
				VALIDATE_PRODUCT = YES;
			};
			name = Release;
		};
/* End XCBuildConfiguration section */

/* Begin XCConfigurationList section */
		EDAECC072554A4B900E1534F /* Build configuration list for PBXProject "TestWatch" */ = {
			isa = XCConfigurationList;
			buildConfigurations = (
				EDAECC382554A4BB00E1534F /* Debug */,
				EDAECC392554A4BB00E1534F /* Release */,
			);
			defaultConfigurationIsVisible = 0;
			defaultConfigurationName = Release;
		};
		EDAECC3A2554A4BB00E1534F /* Build configuration list for PBXNativeTarget "TestWatch WatchKit Extension" */ = {
			isa = XCConfigurationList;
			buildConfigurations = (
				EDAECC3B2554A4BB00E1534F /* Debug */,
				EDAECC3C2554A4BB00E1534F /* Release */,
			);
			defaultConfigurationIsVisible = 0;
			defaultConfigurationName = Release;
		};
		EDAECC3E2554A4BB00E1534F /* Build configuration list for PBXNativeTarget "TestWatch WatchKit App" */ = {
			isa = XCConfigurationList;
			buildConfigurations = (
				EDAECC3F2554A4BB00E1534F /* Debug */,
				EDAECC402554A4BB00E1534F /* Release */,
			);
			defaultConfigurationIsVisible = 0;
			defaultConfigurationName = Release;
		};
		EDAECC422554A4BB00E1534F /* Build configuration list for PBXNativeTarget "TestWatch" */ = {
			isa = XCConfigurationList;
			buildConfigurations = (
				EDAECC432554A4BB00E1534F /* Debug */,
				EDAECC442554A4BB00E1534F /* Release */,
			);
			defaultConfigurationIsVisible = 0;
			defaultConfigurationName = Release;
		};
/* End XCConfigurationList section */
	};
	rootObject = EDAECC042554A4B900E1534F /* Project object */;
}
